// !$*UTF8*$!
{
	archiveVersion = 1;
	classes = {
	};
	objectVersion = 50;
	objects = {

/* Begin PBXBuildFile section */
		0294691F433153AD631168A2 /* Pods_RevolutConverterTests.framework in Frameworks */ = {isa = PBXBuildFile; fileRef = 6B554C71C82EEDC04FB80B94 /* Pods_RevolutConverterTests.framework */; };
		4FAEDE704E9B4D419677FCD6 /* Pods_RevolutConverter.framework in Frameworks */ = {isa = PBXBuildFile; fileRef = C1AB67208F30B1937EE527BB /* Pods_RevolutConverter.framework */; };
		5F03081320C6F4D90058181E /* AppDelegate.swift in Sources */ = {isa = PBXBuildFile; fileRef = 5F03081220C6F4D90058181E /* AppDelegate.swift */; };
		5F03081520C6F4D90058181E /* CurrencyConverterView.swift in Sources */ = {isa = PBXBuildFile; fileRef = 5F03081420C6F4D90058181E /* CurrencyConverterView.swift */; };
		5F03081820C6F4D90058181E /* Main.storyboard in Resources */ = {isa = PBXBuildFile; fileRef = 5F03081620C6F4D90058181E /* Main.storyboard */; };
		5F03081A20C6F4DB0058181E /* Assets.xcassets in Resources */ = {isa = PBXBuildFile; fileRef = 5F03081920C6F4DB0058181E /* Assets.xcassets */; };
		5F03081D20C6F4DB0058181E /* LaunchScreen.storyboard in Resources */ = {isa = PBXBuildFile; fileRef = 5F03081B20C6F4DB0058181E /* LaunchScreen.storyboard */; };
		5F03082820C6F4DB0058181E /* APITests.swift in Sources */ = {isa = PBXBuildFile; fileRef = 5F03082720C6F4DB0058181E /* APITests.swift */; };
		5F03083820C6FC330058181E /* ExchangeEndpoint.swift in Sources */ = {isa = PBXBuildFile; fileRef = 5F03083720C6FC330058181E /* ExchangeEndpoint.swift */; };
		5F03083A20C6FC460058181E /* ExchangeService.swift in Sources */ = {isa = PBXBuildFile; fileRef = 5F03083920C6FC460058181E /* ExchangeService.swift */; };
		5F03083D20C7BEEC0058181E /* Currency.swift in Sources */ = {isa = PBXBuildFile; fileRef = 5F03083C20C7BEEC0058181E /* Currency.swift */; };
		5F03083F20C7C00B0058181E /* ExchangeDTO.swift in Sources */ = {isa = PBXBuildFile; fileRef = 5F03083E20C7C00B0058181E /* ExchangeDTO.swift */; };
		5F03084520C7C64A0058181E /* NetworkError.swift in Sources */ = {isa = PBXBuildFile; fileRef = 5F03084420C7C64A0058181E /* NetworkError.swift */; };
		5F2BAEA420C8120800B88E5F /* CurrencyConverterPresenter.swift in Sources */ = {isa = PBXBuildFile; fileRef = 5F2BAEA320C8120800B88E5F /* CurrencyConverterPresenter.swift */; };
		5F2BAEA620C8179B00B88E5F /* CurrencyConverterProvider.swift in Sources */ = {isa = PBXBuildFile; fileRef = 5F2BAEA520C8179B00B88E5F /* CurrencyConverterProvider.swift */; };
		5F2BAEA820C81F0F00B88E5F /* ExchangeRate.swift in Sources */ = {isa = PBXBuildFile; fileRef = 5F2BAEA720C81F0F00B88E5F /* ExchangeRate.swift */; };
		5F2BAED120C83F3900B88E5F /* CurrencyConverterTableViewCell.swift in Sources */ = {isa = PBXBuildFile; fileRef = 5F2BAED020C83F3900B88E5F /* CurrencyConverterTableViewCell.swift */; };
		5F2BAED520C840F600B88E5F /* CurrencyConverterTableViewDataSource.swift in Sources */ = {isa = PBXBuildFile; fileRef = 5F2BAED420C840F600B88E5F /* CurrencyConverterTableViewDataSource.swift */; };
		5F2BAED720C85FB200B88E5F /* CurrencyConverter.swift in Sources */ = {isa = PBXBuildFile; fileRef = 5F2BAED620C85FB200B88E5F /* CurrencyConverter.swift */; };
		5F2BAEDB20CAA31600B88E5F /* IsoCountryCodes.swift in Sources */ = {isa = PBXBuildFile; fileRef = 5F2BAED920CAA31600B88E5F /* IsoCountryCodes.swift */; };
		5F2BAEDC20CAA31600B88E5F /* IsoCountries.swift in Sources */ = {isa = PBXBuildFile; fileRef = 5F2BAEDA20CAA31600B88E5F /* IsoCountries.swift */; };
		5F2BAEE020CADA2200B88E5F /* RevolutConverterStubs.swift in Sources */ = {isa = PBXBuildFile; fileRef = 5F2BAEDF20CADA2200B88E5F /* RevolutConverterStubs.swift */; };
		5FEFFC2420CADF19001B1AC8 /* CurrencyConverterTests.swift in Sources */ = {isa = PBXBuildFile; fileRef = 5FEFFC2320CADF19001B1AC8 /* CurrencyConverterTests.swift */; };
		5FEFFC2620CAE3ED001B1AC8 /* CurrencyConverterProviderTests.swift in Sources */ = {isa = PBXBuildFile; fileRef = 5FEFFC2520CAE3ED001B1AC8 /* CurrencyConverterProviderTests.swift */; };
		5FEFFC2820CBE389001B1AC8 /* CurrencyConverterPresenterTests.swift in Sources */ = {isa = PBXBuildFile; fileRef = 5FEFFC2720CBE389001B1AC8 /* CurrencyConverterPresenterTests.swift */; };
/* End PBXBuildFile section */

/* Begin PBXContainerItemProxy section */
		5F03082420C6F4DB0058181E /* PBXContainerItemProxy */ = {
			isa = PBXContainerItemProxy;
			containerPortal = 5F03080720C6F4D90058181E /* Project object */;
			proxyType = 1;
			remoteGlobalIDString = 5F03080E20C6F4D90058181E;
			remoteInfo = RevolutConverter;
		};
/* End PBXContainerItemProxy section */

/* Begin PBXFileReference section */
		2519FE4B3280797CD050A6B0 /* Pods-RevolutConverter.release.xcconfig */ = {isa = PBXFileReference; includeInIndex = 1; lastKnownFileType = text.xcconfig; name = "Pods-RevolutConverter.release.xcconfig"; path = "Pods/Target Support Files/Pods-RevolutConverter/Pods-RevolutConverter.release.xcconfig"; sourceTree = "<group>"; };
		5F03080F20C6F4D90058181E /* RevolutConverter.app */ = {isa = PBXFileReference; explicitFileType = wrapper.application; includeInIndex = 0; path = RevolutConverter.app; sourceTree = BUILT_PRODUCTS_DIR; };
		5F03081220C6F4D90058181E /* AppDelegate.swift */ = {isa = PBXFileReference; lastKnownFileType = sourcecode.swift; path = AppDelegate.swift; sourceTree = "<group>"; };
		5F03081420C6F4D90058181E /* CurrencyConverterView.swift */ = {isa = PBXFileReference; lastKnownFileType = sourcecode.swift; path = CurrencyConverterView.swift; sourceTree = "<group>"; };
		5F03081720C6F4D90058181E /* Base */ = {isa = PBXFileReference; lastKnownFileType = file.storyboard; name = Base; path = Base.lproj/Main.storyboard; sourceTree = "<group>"; };
		5F03081920C6F4DB0058181E /* Assets.xcassets */ = {isa = PBXFileReference; lastKnownFileType = folder.assetcatalog; path = Assets.xcassets; sourceTree = "<group>"; };
		5F03081C20C6F4DB0058181E /* Base */ = {isa = PBXFileReference; lastKnownFileType = file.storyboard; name = Base; path = Base.lproj/LaunchScreen.storyboard; sourceTree = "<group>"; };
		5F03081E20C6F4DB0058181E /* Info.plist */ = {isa = PBXFileReference; lastKnownFileType = text.plist.xml; path = Info.plist; sourceTree = "<group>"; };
		5F03082320C6F4DB0058181E /* RevolutConverterTests.xctest */ = {isa = PBXFileReference; explicitFileType = wrapper.cfbundle; includeInIndex = 0; path = RevolutConverterTests.xctest; sourceTree = BUILT_PRODUCTS_DIR; };
		5F03082720C6F4DB0058181E /* APITests.swift */ = {isa = PBXFileReference; lastKnownFileType = sourcecode.swift; path = APITests.swift; sourceTree = "<group>"; };
		5F03082920C6F4DB0058181E /* Info.plist */ = {isa = PBXFileReference; lastKnownFileType = text.plist.xml; path = Info.plist; sourceTree = "<group>"; };
		5F03083720C6FC330058181E /* ExchangeEndpoint.swift */ = {isa = PBXFileReference; fileEncoding = 4; lastKnownFileType = sourcecode.swift; path = ExchangeEndpoint.swift; sourceTree = "<group>"; };
		5F03083920C6FC460058181E /* ExchangeService.swift */ = {isa = PBXFileReference; lastKnownFileType = sourcecode.swift; path = ExchangeService.swift; sourceTree = "<group>"; };
		5F03083C20C7BEEC0058181E /* Currency.swift */ = {isa = PBXFileReference; lastKnownFileType = sourcecode.swift; path = Currency.swift; sourceTree = "<group>"; };
		5F03083E20C7C00B0058181E /* ExchangeDTO.swift */ = {isa = PBXFileReference; lastKnownFileType = sourcecode.swift; path = ExchangeDTO.swift; sourceTree = "<group>"; };
		5F03084420C7C64A0058181E /* NetworkError.swift */ = {isa = PBXFileReference; lastKnownFileType = sourcecode.swift; path = NetworkError.swift; sourceTree = "<group>"; };
		5F2BAEA320C8120800B88E5F /* CurrencyConverterPresenter.swift */ = {isa = PBXFileReference; lastKnownFileType = sourcecode.swift; path = CurrencyConverterPresenter.swift; sourceTree = "<group>"; };
		5F2BAEA520C8179B00B88E5F /* CurrencyConverterProvider.swift */ = {isa = PBXFileReference; lastKnownFileType = sourcecode.swift; path = CurrencyConverterProvider.swift; sourceTree = "<group>"; };
		5F2BAEA720C81F0F00B88E5F /* ExchangeRate.swift */ = {isa = PBXFileReference; lastKnownFileType = sourcecode.swift; path = ExchangeRate.swift; sourceTree = "<group>"; };
		5F2BAED020C83F3900B88E5F /* CurrencyConverterTableViewCell.swift */ = {isa = PBXFileReference; lastKnownFileType = sourcecode.swift; path = CurrencyConverterTableViewCell.swift; sourceTree = "<group>"; };
		5F2BAED420C840F600B88E5F /* CurrencyConverterTableViewDataSource.swift */ = {isa = PBXFileReference; lastKnownFileType = sourcecode.swift; path = CurrencyConverterTableViewDataSource.swift; sourceTree = "<group>"; };
		5F2BAED620C85FB200B88E5F /* CurrencyConverter.swift */ = {isa = PBXFileReference; lastKnownFileType = sourcecode.swift; path = CurrencyConverter.swift; sourceTree = "<group>"; };
		5F2BAED920CAA31600B88E5F /* IsoCountryCodes.swift */ = {isa = PBXFileReference; fileEncoding = 4; lastKnownFileType = sourcecode.swift; path = IsoCountryCodes.swift; sourceTree = "<group>"; };
		5F2BAEDA20CAA31600B88E5F /* IsoCountries.swift */ = {isa = PBXFileReference; fileEncoding = 4; lastKnownFileType = sourcecode.swift; path = IsoCountries.swift; sourceTree = "<group>"; };
		5F2BAEDF20CADA2200B88E5F /* RevolutConverterStubs.swift */ = {isa = PBXFileReference; lastKnownFileType = sourcecode.swift; path = RevolutConverterStubs.swift; sourceTree = "<group>"; };
		5FEFFC2320CADF19001B1AC8 /* CurrencyConverterTests.swift */ = {isa = PBXFileReference; lastKnownFileType = sourcecode.swift; path = CurrencyConverterTests.swift; sourceTree = "<group>"; };
		5FEFFC2520CAE3ED001B1AC8 /* CurrencyConverterProviderTests.swift */ = {isa = PBXFileReference; lastKnownFileType = sourcecode.swift; path = CurrencyConverterProviderTests.swift; sourceTree = "<group>"; };
		5FEFFC2720CBE389001B1AC8 /* CurrencyConverterPresenterTests.swift */ = {isa = PBXFileReference; lastKnownFileType = sourcecode.swift; path = CurrencyConverterPresenterTests.swift; sourceTree = "<group>"; };
		6B554C71C82EEDC04FB80B94 /* Pods_RevolutConverterTests.framework */ = {isa = PBXFileReference; explicitFileType = wrapper.framework; includeInIndex = 0; path = Pods_RevolutConverterTests.framework; sourceTree = BUILT_PRODUCTS_DIR; };
		AEC56A7B158D087464E8B0F0 /* Pods-RevolutConverterTests.release.xcconfig */ = {isa = PBXFileReference; includeInIndex = 1; lastKnownFileType = text.xcconfig; name = "Pods-RevolutConverterTests.release.xcconfig"; path = "Pods/Target Support Files/Pods-RevolutConverterTests/Pods-RevolutConverterTests.release.xcconfig"; sourceTree = "<group>"; };
		B2F7AF9DFCA9CE2C274656E7 /* Pods-RevolutConverter.debug.xcconfig */ = {isa = PBXFileReference; includeInIndex = 1; lastKnownFileType = text.xcconfig; name = "Pods-RevolutConverter.debug.xcconfig"; path = "Pods/Target Support Files/Pods-RevolutConverter/Pods-RevolutConverter.debug.xcconfig"; sourceTree = "<group>"; };
		C1AB67208F30B1937EE527BB /* Pods_RevolutConverter.framework */ = {isa = PBXFileReference; explicitFileType = wrapper.framework; includeInIndex = 0; path = Pods_RevolutConverter.framework; sourceTree = BUILT_PRODUCTS_DIR; };
		E70763916A4432BD041093E6 /* Pods-RevolutConverterTests.debug.xcconfig */ = {isa = PBXFileReference; includeInIndex = 1; lastKnownFileType = text.xcconfig; name = "Pods-RevolutConverterTests.debug.xcconfig"; path = "Pods/Target Support Files/Pods-RevolutConverterTests/Pods-RevolutConverterTests.debug.xcconfig"; sourceTree = "<group>"; };
/* End PBXFileReference section */

/* Begin PBXFrameworksBuildPhase section */
		5F03080C20C6F4D90058181E /* Frameworks */ = {
			isa = PBXFrameworksBuildPhase;
			buildActionMask = 2147483647;
			files = (
				4FAEDE704E9B4D419677FCD6 /* Pods_RevolutConverter.framework in Frameworks */,
			);
			runOnlyForDeploymentPostprocessing = 0;
		};
		5F03082020C6F4DB0058181E /* Frameworks */ = {
			isa = PBXFrameworksBuildPhase;
			buildActionMask = 2147483647;
			files = (
				0294691F433153AD631168A2 /* Pods_RevolutConverterTests.framework in Frameworks */,
			);
			runOnlyForDeploymentPostprocessing = 0;
		};
/* End PBXFrameworksBuildPhase section */

/* Begin PBXGroup section */
		3BDD57ABD0761C12B394ACAF /* Frameworks */ = {
			isa = PBXGroup;
			children = (
				C1AB67208F30B1937EE527BB /* Pods_RevolutConverter.framework */,
				6B554C71C82EEDC04FB80B94 /* Pods_RevolutConverterTests.framework */,
			);
			name = Frameworks;
			sourceTree = "<group>";
		};
		5F03080620C6F4D90058181E = {
			isa = PBXGroup;
			children = (
				5F03081120C6F4D90058181E /* RevolutConverter */,
				5F03082620C6F4DB0058181E /* RevolutConverterTests */,
				5F03081020C6F4D90058181E /* Products */,
				9DC9691A7F345BE7660BBB30 /* Pods */,
				3BDD57ABD0761C12B394ACAF /* Frameworks */,
			);
			sourceTree = "<group>";
		};
		5F03081020C6F4D90058181E /* Products */ = {
			isa = PBXGroup;
			children = (
				5F03080F20C6F4D90058181E /* RevolutConverter.app */,
				5F03082320C6F4DB0058181E /* RevolutConverterTests.xctest */,
			);
			name = Products;
			sourceTree = "<group>";
		};
		5F03081120C6F4D90058181E /* RevolutConverter */ = {
			isa = PBXGroup;
			children = (
				5F03081220C6F4D90058181E /* AppDelegate.swift */,
				5F2BAED620C85FB200B88E5F /* CurrencyConverter.swift */,
				5F03083420C6F7A80058181E /* Network */,
				5FEFFC2C20CBF75C001B1AC8 /* Presenter */,
				5FEFFC2B20CBF750001B1AC8 /* Provider */,
				5F2BAECF20C83F1200B88E5F /* View */,
				5F03083B20C7BECF0058181E /* Model */,
				5F2BAED820CAA2FD00B88E5F /* IsoCountryCodes */,
				5F03081620C6F4D90058181E /* Main.storyboard */,
				5F03081920C6F4DB0058181E /* Assets.xcassets */,
				5F03081B20C6F4DB0058181E /* LaunchScreen.storyboard */,
				5F03081E20C6F4DB0058181E /* Info.plist */,
			);
			path = RevolutConverter;
			sourceTree = "<group>";
		};
		5F03082620C6F4DB0058181E /* RevolutConverterTests */ = {
			isa = PBXGroup;
			children = (
				5FEFFC2320CADF19001B1AC8 /* CurrencyConverterTests.swift */,
				5FEFFC2520CAE3ED001B1AC8 /* CurrencyConverterProviderTests.swift */,
				5FEFFC2720CBE389001B1AC8 /* CurrencyConverterPresenterTests.swift */,
				5F03082720C6F4DB0058181E /* APITests.swift */,
				5F2BAEDF20CADA2200B88E5F /* RevolutConverterStubs.swift */,
				5F03082920C6F4DB0058181E /* Info.plist */,
			);
			path = RevolutConverterTests;
			sourceTree = "<group>";
		};
		5F03083420C6F7A80058181E /* Network */ = {
			isa = PBXGroup;
			children = (
				5F03083720C6FC330058181E /* ExchangeEndpoint.swift */,
				5F03083920C6FC460058181E /* ExchangeService.swift */,
				5F03084420C7C64A0058181E /* NetworkError.swift */,
				5F03083E20C7C00B0058181E /* ExchangeDTO.swift */,
			);
			path = Network;
			sourceTree = "<group>";
		};
		5F03083B20C7BECF0058181E /* Model */ = {
			isa = PBXGroup;
			children = (
				5F03083C20C7BEEC0058181E /* Currency.swift */,
				5F2BAEA720C81F0F00B88E5F /* ExchangeRate.swift */,
			);
			path = Model;
			sourceTree = "<group>";
		};
		5F2BAECF20C83F1200B88E5F /* View */ = {
			isa = PBXGroup;
			children = (
				5F03081420C6F4D90058181E /* CurrencyConverterView.swift */,
				5F2BAED420C840F600B88E5F /* CurrencyConverterTableViewDataSource.swift */,
				5F2BAED020C83F3900B88E5F /* CurrencyConverterTableViewCell.swift */,
			);
			path = View;
			sourceTree = "<group>";
		};
		5F2BAED820CAA2FD00B88E5F /* IsoCountryCodes */ = {
			isa = PBXGroup;
			children = (
				5F2BAEDA20CAA31600B88E5F /* IsoCountries.swift */,
				5F2BAED920CAA31600B88E5F /* IsoCountryCodes.swift */,
			);
			path = IsoCountryCodes;
			sourceTree = "<group>";
		};
		5FEFFC2B20CBF750001B1AC8 /* Provider */ = {
			isa = PBXGroup;
			children = (
				5F2BAEA520C8179B00B88E5F /* CurrencyConverterProvider.swift */,
			);
			path = Provider;
			sourceTree = "<group>";
		};
		5FEFFC2C20CBF75C001B1AC8 /* Presenter */ = {
			isa = PBXGroup;
			children = (
				5F2BAEA320C8120800B88E5F /* CurrencyConverterPresenter.swift */,
			);
			path = Presenter;
			sourceTree = "<group>";
		};
		9DC9691A7F345BE7660BBB30 /* Pods */ = {
			isa = PBXGroup;
			children = (
				B2F7AF9DFCA9CE2C274656E7 /* Pods-RevolutConverter.debug.xcconfig */,
				2519FE4B3280797CD050A6B0 /* Pods-RevolutConverter.release.xcconfig */,
				E70763916A4432BD041093E6 /* Pods-RevolutConverterTests.debug.xcconfig */,
				AEC56A7B158D087464E8B0F0 /* Pods-RevolutConverterTests.release.xcconfig */,
			);
			name = Pods;
			sourceTree = "<group>";
		};
/* End PBXGroup section */

/* Begin PBXNativeTarget section */
		5F03080E20C6F4D90058181E /* RevolutConverter */ = {
			isa = PBXNativeTarget;
			buildConfigurationList = 5F03082C20C6F4DB0058181E /* Build configuration list for PBXNativeTarget "RevolutConverter" */;
			buildPhases = (
				9C1AA219B322A86BA02F082D /* [CP] Check Pods Manifest.lock */,
				5F03080B20C6F4D90058181E /* Sources */,
				5F03080C20C6F4D90058181E /* Frameworks */,
				5F03080D20C6F4D90058181E /* Resources */,
				6A014A8112A7CD692CE24D4B /* [CP] Embed Pods Frameworks */,
			);
			buildRules = (
			);
			dependencies = (
			);
			name = RevolutConverter;
			productName = RevolutConverter;
			productReference = 5F03080F20C6F4D90058181E /* RevolutConverter.app */;
			productType = "com.apple.product-type.application";
		};
		5F03082220C6F4DB0058181E /* RevolutConverterTests */ = {
			isa = PBXNativeTarget;
			buildConfigurationList = 5F03082F20C6F4DB0058181E /* Build configuration list for PBXNativeTarget "RevolutConverterTests" */;
			buildPhases = (
				F4C9702FF8521B7271D62AA6 /* [CP] Check Pods Manifest.lock */,
				5F03081F20C6F4DB0058181E /* Sources */,
				5F03082020C6F4DB0058181E /* Frameworks */,
				5F03082120C6F4DB0058181E /* Resources */,
				857DE01026D98C2D34A0B0F0 /* [CP] Embed Pods Frameworks */,
			);
			buildRules = (
			);
			dependencies = (
				5F03082520C6F4DB0058181E /* PBXTargetDependency */,
			);
			name = RevolutConverterTests;
			productName = RevolutConverterTests;
			productReference = 5F03082320C6F4DB0058181E /* RevolutConverterTests.xctest */;
			productType = "com.apple.product-type.bundle.unit-test";
		};
/* End PBXNativeTarget section */

/* Begin PBXProject section */
		5F03080720C6F4D90058181E /* Project object */ = {
			isa = PBXProject;
			attributes = {
				LastSwiftUpdateCheck = 0930;
				LastUpgradeCheck = 0930;
				ORGANIZATIONNAME = "Pau Ballart";
				TargetAttributes = {
					5F03080E20C6F4D90058181E = {
						CreatedOnToolsVersion = 9.3;
					};
					5F03082220C6F4DB0058181E = {
						CreatedOnToolsVersion = 9.3;
						TestTargetID = 5F03080E20C6F4D90058181E;
					};
				};
			};
			buildConfigurationList = 5F03080A20C6F4D90058181E /* Build configuration list for PBXProject "RevolutConverter" */;
			compatibilityVersion = "Xcode 9.3";
			developmentRegion = en;
			hasScannedForEncodings = 0;
			knownRegions = (
				en,
				Base,
			);
			mainGroup = 5F03080620C6F4D90058181E;
			productRefGroup = 5F03081020C6F4D90058181E /* Products */;
			projectDirPath = "";
			projectRoot = "";
			targets = (
				5F03080E20C6F4D90058181E /* RevolutConverter */,
				5F03082220C6F4DB0058181E /* RevolutConverterTests */,
			);
		};
/* End PBXProject section */

/* Begin PBXResourcesBuildPhase section */
		5F03080D20C6F4D90058181E /* Resources */ = {
			isa = PBXResourcesBuildPhase;
			buildActionMask = 2147483647;
			files = (
				5F03081D20C6F4DB0058181E /* LaunchScreen.storyboard in Resources */,
				5F03081A20C6F4DB0058181E /* Assets.xcassets in Resources */,
				5F03081820C6F4D90058181E /* Main.storyboard in Resources */,
			);
			runOnlyForDeploymentPostprocessing = 0;
		};
		5F03082120C6F4DB0058181E /* Resources */ = {
			isa = PBXResourcesBuildPhase;
			buildActionMask = 2147483647;
			files = (
			);
			runOnlyForDeploymentPostprocessing = 0;
		};
/* End PBXResourcesBuildPhase section */

/* Begin PBXShellScriptBuildPhase section */
		6A014A8112A7CD692CE24D4B /* [CP] Embed Pods Frameworks */ = {
			isa = PBXShellScriptBuildPhase;
			buildActionMask = 2147483647;
			files = (
			);
			inputPaths = (
				"${SRCROOT}/Pods/Target Support Files/Pods-RevolutConverter/Pods-RevolutConverter-frameworks.sh",
				"${BUILT_PRODUCTS_DIR}/Alamofire/Alamofire.framework",
				"${BUILT_PRODUCTS_DIR}/Moya/Moya.framework",
				"${BUILT_PRODUCTS_DIR}/Result/Result.framework",
				"${BUILT_PRODUCTS_DIR}/RxSwift/RxSwift.framework",
			);
			name = "[CP] Embed Pods Frameworks";
			outputPaths = (
				"${TARGET_BUILD_DIR}/${FRAMEWORKS_FOLDER_PATH}/Alamofire.framework",
				"${TARGET_BUILD_DIR}/${FRAMEWORKS_FOLDER_PATH}/Moya.framework",
				"${TARGET_BUILD_DIR}/${FRAMEWORKS_FOLDER_PATH}/Result.framework",
				"${TARGET_BUILD_DIR}/${FRAMEWORKS_FOLDER_PATH}/RxSwift.framework",
			);
			runOnlyForDeploymentPostprocessing = 0;
			shellPath = /bin/sh;
			shellScript = "\"${SRCROOT}/Pods/Target Support Files/Pods-RevolutConverter/Pods-RevolutConverter-frameworks.sh\"\n";
			showEnvVarsInLog = 0;
		};
		857DE01026D98C2D34A0B0F0 /* [CP] Embed Pods Frameworks */ = {
			isa = PBXShellScriptBuildPhase;
			buildActionMask = 2147483647;
			files = (
			);
			inputPaths = (
				"${SRCROOT}/Pods/Target Support Files/Pods-RevolutConverterTests/Pods-RevolutConverterTests-frameworks.sh",
				"${BUILT_PRODUCTS_DIR}/Alamofire/Alamofire.framework",
				"${BUILT_PRODUCTS_DIR}/Moya/Moya.framework",
				"${BUILT_PRODUCTS_DIR}/Result/Result.framework",
				"${BUILT_PRODUCTS_DIR}/RxSwift/RxSwift.framework",
			);
			name = "[CP] Embed Pods Frameworks";
			outputPaths = (
				"${TARGET_BUILD_DIR}/${FRAMEWORKS_FOLDER_PATH}/Alamofire.framework",
				"${TARGET_BUILD_DIR}/${FRAMEWORKS_FOLDER_PATH}/Moya.framework",
				"${TARGET_BUILD_DIR}/${FRAMEWORKS_FOLDER_PATH}/Result.framework",
				"${TARGET_BUILD_DIR}/${FRAMEWORKS_FOLDER_PATH}/RxSwift.framework",
			);
			runOnlyForDeploymentPostprocessing = 0;
			shellPath = /bin/sh;
			shellScript = "\"${SRCROOT}/Pods/Target Support Files/Pods-RevolutConverterTests/Pods-RevolutConverterTests-frameworks.sh\"\n";
			showEnvVarsInLog = 0;
		};
		9C1AA219B322A86BA02F082D /* [CP] Check Pods Manifest.lock */ = {
			isa = PBXShellScriptBuildPhase;
			buildActionMask = 2147483647;
			files = (
			);
			inputPaths = (
				"${PODS_PODFILE_DIR_PATH}/Podfile.lock",
				"${PODS_ROOT}/Manifest.lock",
			);
			name = "[CP] Check Pods Manifest.lock";
			outputPaths = (
				"$(DERIVED_FILE_DIR)/Pods-RevolutConverter-checkManifestLockResult.txt",
			);
			runOnlyForDeploymentPostprocessing = 0;
			shellPath = /bin/sh;
			shellScript = "diff \"${PODS_PODFILE_DIR_PATH}/Podfile.lock\" \"${PODS_ROOT}/Manifest.lock\" > /dev/null\nif [ $? != 0 ] ; then\n    # print error to STDERR\n    echo \"error: The sandbox is not in sync with the Podfile.lock. Run 'pod install' or update your CocoaPods installation.\" >&2\n    exit 1\nfi\n# This output is used by Xcode 'outputs' to avoid re-running this script phase.\necho \"SUCCESS\" > \"${SCRIPT_OUTPUT_FILE_0}\"\n";
			showEnvVarsInLog = 0;
		};
		F4C9702FF8521B7271D62AA6 /* [CP] Check Pods Manifest.lock */ = {
			isa = PBXShellScriptBuildPhase;
			buildActionMask = 2147483647;
			files = (
			);
			inputPaths = (
				"${PODS_PODFILE_DIR_PATH}/Podfile.lock",
				"${PODS_ROOT}/Manifest.lock",
			);
			name = "[CP] Check Pods Manifest.lock";
			outputPaths = (
				"$(DERIVED_FILE_DIR)/Pods-RevolutConverterTests-checkManifestLockResult.txt",
			);
			runOnlyForDeploymentPostprocessing = 0;
			shellPath = /bin/sh;
			shellScript = "diff \"${PODS_PODFILE_DIR_PATH}/Podfile.lock\" \"${PODS_ROOT}/Manifest.lock\" > /dev/null\nif [ $? != 0 ] ; then\n    # print error to STDERR\n    echo \"error: The sandbox is not in sync with the Podfile.lock. Run 'pod install' or update your CocoaPods installation.\" >&2\n    exit 1\nfi\n# This output is used by Xcode 'outputs' to avoid re-running this script phase.\necho \"SUCCESS\" > \"${SCRIPT_OUTPUT_FILE_0}\"\n";
			showEnvVarsInLog = 0;
		};
/* End PBXShellScriptBuildPhase section */

/* Begin PBXSourcesBuildPhase section */
		5F03080B20C6F4D90058181E /* Sources */ = {
			isa = PBXSourcesBuildPhase;
			buildActionMask = 2147483647;
			files = (
				5F2BAEA420C8120800B88E5F /* CurrencyConverterPresenter.swift in Sources */,
				5F2BAED720C85FB200B88E5F /* CurrencyConverter.swift in Sources */,
				5F2BAED120C83F3900B88E5F /* CurrencyConverterTableViewCell.swift in Sources */,
				5F2BAED520C840F600B88E5F /* CurrencyConverterTableViewDataSource.swift in Sources */,
				5F03083A20C6FC460058181E /* ExchangeService.swift in Sources */,
				5F2BAEA620C8179B00B88E5F /* CurrencyConverterProvider.swift in Sources */,
				5F03084520C7C64A0058181E /* NetworkError.swift in Sources */,
				5F03083D20C7BEEC0058181E /* Currency.swift in Sources */,
				5F03081520C6F4D90058181E /* CurrencyConverterView.swift in Sources */,
				5F2BAEDC20CAA31600B88E5F /* IsoCountries.swift in Sources */,
				5F2BAEDB20CAA31600B88E5F /* IsoCountryCodes.swift in Sources */,
				5F2BAEA820C81F0F00B88E5F /* ExchangeRate.swift in Sources */,
				5F03081320C6F4D90058181E /* AppDelegate.swift in Sources */,
				5F03083F20C7C00B0058181E /* ExchangeDTO.swift in Sources */,
				5F03083820C6FC330058181E /* ExchangeEndpoint.swift in Sources */,
			);
			runOnlyForDeploymentPostprocessing = 0;
		};
		5F03081F20C6F4DB0058181E /* Sources */ = {
			isa = PBXSourcesBuildPhase;
			buildActionMask = 2147483647;
			files = (
				5FEFFC2620CAE3ED001B1AC8 /* CurrencyConverterProviderTests.swift in Sources */,
				5FEFFC2820CBE389001B1AC8 /* CurrencyConverterPresenterTests.swift in Sources */,
				5F2BAEE020CADA2200B88E5F /* RevolutConverterStubs.swift in Sources */,
				5FEFFC2420CADF19001B1AC8 /* CurrencyConverterTests.swift in Sources */,
				5F03082820C6F4DB0058181E /* APITests.swift in Sources */,
			);
			runOnlyForDeploymentPostprocessing = 0;
		};
/* End PBXSourcesBuildPhase section */

/* Begin PBXTargetDependency section */
		5F03082520C6F4DB0058181E /* PBXTargetDependency */ = {
			isa = PBXTargetDependency;
			target = 5F03080E20C6F4D90058181E /* RevolutConverter */;
			targetProxy = 5F03082420C6F4DB0058181E /* PBXContainerItemProxy */;
		};
/* End PBXTargetDependency section */

/* Begin PBXVariantGroup section */
		5F03081620C6F4D90058181E /* Main.storyboard */ = {
			isa = PBXVariantGroup;
			children = (
				5F03081720C6F4D90058181E /* Base */,
			);
			name = Main.storyboard;
			sourceTree = "<group>";
		};
		5F03081B20C6F4DB0058181E /* LaunchScreen.storyboard */ = {
			isa = PBXVariantGroup;
			children = (
				5F03081C20C6F4DB0058181E /* Base */,
			);
			name = LaunchScreen.storyboard;
			sourceTree = "<group>";
		};
/* End PBXVariantGroup section */

/* Begin XCBuildConfiguration section */
		5F03082A20C6F4DB0058181E /* Debug */ = {
			isa = XCBuildConfiguration;
			buildSettings = {
				ALWAYS_SEARCH_USER_PATHS = NO;
				CLANG_ANALYZER_NONNULL = YES;
				CLANG_ANALYZER_NUMBER_OBJECT_CONVERSION = YES_AGGRESSIVE;
				CLANG_CXX_LANGUAGE_STANDARD = "gnu++14";
				CLANG_CXX_LIBRARY = "libc++";
				CLANG_ENABLE_MODULES = YES;
				CLANG_ENABLE_OBJC_ARC = YES;
				CLANG_ENABLE_OBJC_WEAK = YES;
				CLANG_WARN_BLOCK_CAPTURE_AUTORELEASING = YES;
				CLANG_WARN_BOOL_CONVERSION = YES;
				CLANG_WARN_COMMA = YES;
				CLANG_WARN_CONSTANT_CONVERSION = YES;
				CLANG_WARN_DEPRECATED_OBJC_IMPLEMENTATIONS = YES;
				CLANG_WARN_DIRECT_OBJC_ISA_USAGE = YES_ERROR;
				CLANG_WARN_DOCUMENTATION_COMMENTS = YES;
				CLANG_WARN_EMPTY_BODY = YES;
				CLANG_WARN_ENUM_CONVERSION = YES;
				CLANG_WARN_INFINITE_RECURSION = YES;
				CLANG_WARN_INT_CONVERSION = YES;
				CLANG_WARN_NON_LITERAL_NULL_CONVERSION = YES;
				CLANG_WARN_OBJC_IMPLICIT_RETAIN_SELF = YES;
				CLANG_WARN_OBJC_LITERAL_CONVERSION = YES;
				CLANG_WARN_OBJC_ROOT_CLASS = YES_ERROR;
				CLANG_WARN_RANGE_LOOP_ANALYSIS = YES;
				CLANG_WARN_STRICT_PROTOTYPES = YES;
				CLANG_WARN_SUSPICIOUS_MOVE = YES;
				CLANG_WARN_UNGUARDED_AVAILABILITY = YES_AGGRESSIVE;
				CLANG_WARN_UNREACHABLE_CODE = YES;
				CLANG_WARN__DUPLICATE_METHOD_MATCH = YES;
				CODE_SIGN_IDENTITY = "iPhone Developer";
				COPY_PHASE_STRIP = NO;
				DEBUG_INFORMATION_FORMAT = dwarf;
				ENABLE_STRICT_OBJC_MSGSEND = YES;
				ENABLE_TESTABILITY = YES;
				GCC_C_LANGUAGE_STANDARD = gnu11;
				GCC_DYNAMIC_NO_PIC = NO;
				GCC_NO_COMMON_BLOCKS = YES;
				GCC_OPTIMIZATION_LEVEL = 0;
				GCC_PREPROCESSOR_DEFINITIONS = (
					"DEBUG=1",
					"$(inherited)",
				);
				GCC_WARN_64_TO_32_BIT_CONVERSION = YES;
				GCC_WARN_ABOUT_RETURN_TYPE = YES_ERROR;
				GCC_WARN_UNDECLARED_SELECTOR = YES;
				GCC_WARN_UNINITIALIZED_AUTOS = YES_AGGRESSIVE;
				GCC_WARN_UNUSED_FUNCTION = YES;
				GCC_WARN_UNUSED_VARIABLE = YES;
				IPHONEOS_DEPLOYMENT_TARGET = 11.3;
				MTL_ENABLE_DEBUG_INFO = YES;
				ONLY_ACTIVE_ARCH = YES;
				SDKROOT = iphoneos;
				SWIFT_ACTIVE_COMPILATION_CONDITIONS = DEBUG;
				SWIFT_OPTIMIZATION_LEVEL = "-Onone";
			};
			name = Debug;
		};
		5F03082B20C6F4DB0058181E /* Release */ = {
			isa = XCBuildConfiguration;
			buildSettings = {
				ALWAYS_SEARCH_USER_PATHS = NO;
				CLANG_ANALYZER_NONNULL = YES;
				CLANG_ANALYZER_NUMBER_OBJECT_CONVERSION = YES_AGGRESSIVE;
				CLANG_CXX_LANGUAGE_STANDARD = "gnu++14";
				CLANG_CXX_LIBRARY = "libc++";
				CLANG_ENABLE_MODULES = YES;
				CLANG_ENABLE_OBJC_ARC = YES;
				CLANG_ENABLE_OBJC_WEAK = YES;
				CLANG_WARN_BLOCK_CAPTURE_AUTORELEASING = YES;
				CLANG_WARN_BOOL_CONVERSION = YES;
				CLANG_WARN_COMMA = YES;
				CLANG_WARN_CONSTANT_CONVERSION = YES;
				CLANG_WARN_DEPRECATED_OBJC_IMPLEMENTATIONS = YES;
				CLANG_WARN_DIRECT_OBJC_ISA_USAGE = YES_ERROR;
				CLANG_WARN_DOCUMENTATION_COMMENTS = YES;
				CLANG_WARN_EMPTY_BODY = YES;
				CLANG_WARN_ENUM_CONVERSION = YES;
				CLANG_WARN_INFINITE_RECURSION = YES;
				CLANG_WARN_INT_CONVERSION = YES;
				CLANG_WARN_NON_LITERAL_NULL_CONVERSION = YES;
				CLANG_WARN_OBJC_IMPLICIT_RETAIN_SELF = YES;
				CLANG_WARN_OBJC_LITERAL_CONVERSION = YES;
				CLANG_WARN_OBJC_ROOT_CLASS = YES_ERROR;
				CLANG_WARN_RANGE_LOOP_ANALYSIS = YES;
				CLANG_WARN_STRICT_PROTOTYPES = YES;
				CLANG_WARN_SUSPICIOUS_MOVE = YES;
				CLANG_WARN_UNGUARDED_AVAILABILITY = YES_AGGRESSIVE;
				CLANG_WARN_UNREACHABLE_CODE = YES;
				CLANG_WARN__DUPLICATE_METHOD_MATCH = YES;
				CODE_SIGN_IDENTITY = "iPhone Developer";
				COPY_PHASE_STRIP = NO;
				DEBUG_INFORMATION_FORMAT = "dwarf-with-dsym";
				ENABLE_NS_ASSERTIONS = NO;
				ENABLE_STRICT_OBJC_MSGSEND = YES;
				GCC_C_LANGUAGE_STANDARD = gnu11;
				GCC_NO_COMMON_BLOCKS = YES;
				GCC_WARN_64_TO_32_BIT_CONVERSION = YES;
				GCC_WARN_ABOUT_RETURN_TYPE = YES_ERROR;
				GCC_WARN_UNDECLARED_SELECTOR = YES;
				GCC_WARN_UNINITIALIZED_AUTOS = YES_AGGRESSIVE;
				GCC_WARN_UNUSED_FUNCTION = YES;
				GCC_WARN_UNUSED_VARIABLE = YES;
				IPHONEOS_DEPLOYMENT_TARGET = 11.3;
				MTL_ENABLE_DEBUG_INFO = NO;
				SDKROOT = iphoneos;
				SWIFT_COMPILATION_MODE = wholemodule;
				SWIFT_OPTIMIZATION_LEVEL = "-O";
				VALIDATE_PRODUCT = YES;
			};
			name = Release;
		};
		5F03082D20C6F4DB0058181E /* Debug */ = {
			isa = XCBuildConfiguration;
			baseConfigurationReference = B2F7AF9DFCA9CE2C274656E7 /* Pods-RevolutConverter.debug.xcconfig */;
			buildSettings = {
				ASSETCATALOG_COMPILER_APPICON_NAME = AppIcon;
				CODE_SIGN_STYLE = Automatic;
				DEVELOPMENT_TEAM = 887XBWP9ER;
				INFOPLIST_FILE = RevolutConverter/Info.plist;
				LD_RUNPATH_SEARCH_PATHS = (
					"$(inherited)",
					"@executable_path/Frameworks",
				);
				PRODUCT_BUNDLE_IDENTIFIER = com.SolArtApps.RevolutConverter;
				PRODUCT_NAME = "$(TARGET_NAME)";
				SWIFT_VERSION = 4.0;
				TARGETED_DEVICE_FAMILY = "1,2";
			};
			name = Debug;
		};
		5F03082E20C6F4DB0058181E /* Release */ = {
			isa = XCBuildConfiguration;
			baseConfigurationReference = 2519FE4B3280797CD050A6B0 /* Pods-RevolutConverter.release.xcconfig */;
			buildSettings = {
				ASSETCATALOG_COMPILER_APPICON_NAME = AppIcon;
				CODE_SIGN_STYLE = Automatic;
				DEVELOPMENT_TEAM = 887XBWP9ER;
				INFOPLIST_FILE = RevolutConverter/Info.plist;
				LD_RUNPATH_SEARCH_PATHS = (
					"$(inherited)",
					"@executable_path/Frameworks",
				);
				PRODUCT_BUNDLE_IDENTIFIER = com.SolArtApps.RevolutConverter;
				PRODUCT_NAME = "$(TARGET_NAME)";
				SWIFT_VERSION = 4.0;
				TARGETED_DEVICE_FAMILY = "1,2";
			};
			name = Release;
		};
		5F03083020C6F4DB0058181E /* Debug */ = {
			isa = XCBuildConfiguration;
			baseConfigurationReference = E70763916A4432BD041093E6 /* Pods-RevolutConverterTests.debug.xcconfig */;
			buildSettings = {
				ALWAYS_EMBED_SWIFT_STANDARD_LIBRARIES = YES;
				BUNDLE_LOADER = "$(TEST_HOST)";
				CODE_SIGN_STYLE = Automatic;
				DEVELOPMENT_TEAM = LZTB5S386Z;
				INFOPLIST_FILE = RevolutConverterTests/Info.plist;
				LD_RUNPATH_SEARCH_PATHS = (
					"$(inherited)",
					"@executable_path/Frameworks",
					"@loader_path/Frameworks",
				);
				PRODUCT_BUNDLE_IDENTIFIER = com.pballart.RevolutConverterTests;
				PRODUCT_NAME = "$(TARGET_NAME)";
				SWIFT_VERSION = 4.0;
				TARGETED_DEVICE_FAMILY = "1,2";
				TEST_HOST = "$(BUILT_PRODUCTS_DIR)/RevolutConverter.app/RevolutConverter";
			};
			name = Debug;
		};
		5F03083120C6F4DB0058181E /* Release */ = {
			isa = XCBuildConfiguration;
			baseConfigurationReference = AEC56A7B158D087464E8B0F0 /* Pods-RevolutConverterTests.release.xcconfig */;
			buildSettings = {
				ALWAYS_EMBED_SWIFT_STANDARD_LIBRARIES = YES;
				BUNDLE_LOADER = "$(TEST_HOST)";
				CODE_SIGN_STYLE = Automatic;
				DEVELOPMENT_TEAM = LZTB5S386Z;
				INFOPLIST_FILE = RevolutConverterTests/Info.plist;
				LD_RUNPATH_SEARCH_PATHS = (
					"$(inherited)",
					"@executable_path/Frameworks",
					"@loader_path/Frameworks",
				);
				PRODUCT_BUNDLE_IDENTIFIER = com.pballart.RevolutConverterTests;
				PRODUCT_NAME = "$(TARGET_NAME)";
				SWIFT_VERSION = 4.0;
				TARGETED_DEVICE_FAMILY = "1,2";
				TEST_HOST = "$(BUILT_PRODUCTS_DIR)/RevolutConverter.app/RevolutConverter";
			};
			name = Release;
		};
/* End XCBuildConfiguration section */

/* Begin XCConfigurationList section */
		5F03080A20C6F4D90058181E /* Build configuration list for PBXProject "RevolutConverter" */ = {
			isa = XCConfigurationList;
			buildConfigurations = (
				5F03082A20C6F4DB0058181E /* Debug */,
				5F03082B20C6F4DB0058181E /* Release */,
			);
			defaultConfigurationIsVisible = 0;
			defaultConfigurationName = Release;
		};
		5F03082C20C6F4DB0058181E /* Build configuration list for PBXNativeTarget "RevolutConverter" */ = {
			isa = XCConfigurationList;
			buildConfigurations = (
				5F03082D20C6F4DB0058181E /* Debug */,
				5F03082E20C6F4DB0058181E /* Release */,
			);
			defaultConfigurationIsVisible = 0;
			defaultConfigurationName = Release;
		};
		5F03082F20C6F4DB0058181E /* Build configuration list for PBXNativeTarget "RevolutConverterTests" */ = {
			isa = XCConfigurationList;
			buildConfigurations = (
				5F03083020C6F4DB0058181E /* Debug */,
				5F03083120C6F4DB0058181E /* Release */,
			);
			defaultConfigurationIsVisible = 0;
			defaultConfigurationName = Release;
		};
/* End XCConfigurationList section */
	};
	rootObject = 5F03080720C6F4D90058181E /* Project object */;
}
